# This is a Gradle generated file for dependency locking.
# Manual edits can break the build and are not advised.
# This file is expected to be part of source control.
ch.qos.logback:logback-classic:1.2.11=compileClasspath,default,productionRuntimeClasspath,runtimeClasspath,testCompileClasspath,testRuntimeClasspath
ch.qos.logback:logback-core:1.2.11=compileClasspath,default,productionRuntimeClasspath,runtimeClasspath,testCompileClasspath,testRuntimeClasspath
com.fasterxml.jackson.core:jackson-annotations:2.13.2=compileClasspath,default,productionRuntimeClasspath,runtimeClasspath,testCompileClasspath,testRuntimeClasspath
com.fasterxml.jackson.core:jackson-core:2.13.2=compileClasspath,default,productionRuntimeClasspath,runtimeClasspath,testCompileClasspath,testRuntimeClasspath
com.fasterxml.jackson.core:jackson-databind:2.13.2.2=compileClasspath,default,productionRuntimeClasspath,runtimeClasspath,testCompileClasspath,testRuntimeClasspath
com.fasterxml.jackson.dataformat:jackson-dataformat-yaml:2.13.2=compileClasspath,default,productionRuntimeClasspath,runtimeClasspath,testCompileClasspath,testRuntimeClasspath
com.fasterxml.jackson.datatype:jackson-datatype-jdk8:2.13.2=compileClasspath,default,productionRuntimeClasspath,runtimeClasspath,testCompileClasspath,testRuntimeClasspath
com.fasterxml.jackson.datatype:jackson-datatype-jsr310:2.13.2=compileClasspath,default,productionRuntimeClasspath,runtimeClasspath,testCompileClasspath,testRuntimeClasspath
com.fasterxml.jackson.module:jackson-module-parameter-names:2.13.2=compileClasspath,default,productionRuntimeClasspath,runtimeClasspath,testCompileClasspath,testRuntimeClasspath
com.fasterxml.jackson:jackson-bom:2.13.2=compileClasspath,default,productionRuntimeClasspath,runtimeClasspath,testCompileClasspath,testRuntimeClasspath
com.jayway.jsonpath:json-path:2.6.0=compileClasspath,default,productionRuntimeClasspath,runtimeClasspath,testCompileClasspath,testRuntimeClasspath
com.squareup.okhttp3:okhttp:4.9.2=compileClasspath,default,productionRuntimeClasspath,runtimeClasspath,testCompileClasspath,testRuntimeClasspath
com.squareup.okio:okio:2.8.0=compileClasspath,default,productionRuntimeClasspath,runtimeClasspath,testCompileClasspath,testRuntimeClasspath
com.vaadin.external.google:android-json:0.0.20131108.vaadin1=testCompileClasspath,testRuntimeClasspath
commons-fileupload:commons-fileupload:1.4=compileClasspath,default,productionRuntimeClasspath,runtimeClasspath,testCompileClasspath,testRuntimeClasspath
commons-io:commons-io:2.2=compileClasspath,default,productionRuntimeClasspath,runtimeClasspath,testCompileClasspath,testRuntimeClasspath
io.github.classgraph:classgraph:4.8.143=compileClasspath,default,productionRuntimeClasspath,runtimeClasspath,testCompileClasspath,testRuntimeClasspath
io.github.openfeign.form:feign-form-spring:3.8.0=compileClasspath,default,productionRuntimeClasspath,runtimeClasspath,testCompileClasspath,testRuntimeClasspath
io.github.openfeign.form:feign-form:3.8.0=compileClasspath,default,productionRuntimeClasspath,runtimeClasspath,testCompileClasspath,testRuntimeClasspath
io.github.openfeign:feign-core:11.8=compileClasspath,default,productionRuntimeClasspath,runtimeClasspath,testCompileClasspath,testRuntimeClasspath
io.github.openfeign:feign-okhttp:11.8=compileClasspath,default,productionRuntimeClasspath,runtimeClasspath,testCompileClasspath,testRuntimeClasspath
io.github.openfeign:feign-slf4j:11.8=compileClasspath,default,productionRuntimeClasspath,runtimeClasspath,testCompileClasspath,testRuntimeClasspath
io.micrometer:micrometer-core:1.8.4=compileClasspath,default,productionRuntimeClasspath,runtimeClasspath,testCompileClasspath,testRuntimeClasspath
io.micrometer:micrometer-registry-prometheus:1.8.4=default,productionRuntimeClasspath,runtimeClasspath,testRuntimeClasspath
io.projectreactor:reactor-bom:2020.0.18=compileClasspath,default,productionRuntimeClasspath,runtimeClasspath,testCompileClasspath,testRuntimeClasspath
io.projectreactor:reactor-core:3.4.17=compileClasspath,default,productionRuntimeClasspath,runtimeClasspath,testCompileClasspath,testRuntimeClasspath
io.prometheus:simpleclient:0.12.0=default,productionRuntimeClasspath,runtimeClasspath,testRuntimeClasspath
io.prometheus:simpleclient_common:0.12.0=default,productionRuntimeClasspath,runtimeClasspath,testRuntimeClasspath
io.prometheus:simpleclient_tracer_common:0.12.0=default,productionRuntimeClasspath,runtimeClasspath,testRuntimeClasspath
io.prometheus:simpleclient_tracer_otel:0.12.0=default,productionRuntimeClasspath,runtimeClasspath,testRuntimeClasspath
io.prometheus:simpleclient_tracer_otel_agent:0.12.0=default,productionRuntimeClasspath,runtimeClasspath,testRuntimeClasspath
io.swagger.core.v3:swagger-annotations:2.2.0=compileClasspath,default,productionRuntimeClasspath,runtimeClasspath,testCompileClasspath,testRuntimeClasspath
io.swagger.core.v3:swagger-core:2.2.0=compileClasspath,default,productionRuntimeClasspath,runtimeClasspath,testCompileClasspath,testRuntimeClasspath
io.swagger.core.v3:swagger-models:2.2.0=compileClasspath,default,productionRuntimeClasspath,runtimeClasspath,testCompileClasspath,testRuntimeClasspath
jakarta.activation:jakarta.activation-api:1.2.2=compileClasspath,default,productionRuntimeClasspath,runtimeClasspath,testCompileClasspath,testRuntimeClasspath
jakarta.annotation:jakarta.annotation-api:1.3.5=compileClasspath,default,productionRuntimeClasspath,runtimeClasspath,testCompileClasspath,testRuntimeClasspath
jakarta.validation:jakarta.validation-api:2.0.2=compileClasspath,default,productionRuntimeClasspath,runtimeClasspath,testCompileClasspath,testRuntimeClasspath
jakarta.xml.bind:jakarta.xml.bind-api:2.3.3=compileClasspath,default,productionRuntimeClasspath,runtimeClasspath,testCompileClasspath,testRuntimeClasspath
net.bytebuddy:byte-buddy-agent:1.11.22=testCompileClasspath,testRuntimeClasspath
net.bytebuddy:byte-buddy:1.11.22=testCompileClasspath,testRuntimeClasspath
net.minidev:accessors-smart:2.4.8=compileClasspath,default,productionRuntimeClasspath,runtimeClasspath,testCompileClasspath,testRuntimeClasspath
net.minidev:json-smart:2.4.8=compileClasspath,default,productionRuntimeClasspath,runtimeClasspath,testCompileClasspath,testRuntimeClasspath
org.apache.commons:commons-lang3:3.12.0=compileClasspath,default,productionRuntimeClasspath,runtimeClasspath,testCompileClasspath,testRuntimeClasspath
org.apache.logging.log4j:log4j-api:2.17.2=compileClasspath,default,productionRuntimeClasspath,runtimeClasspath,testCompileClasspath,testRuntimeClasspath
org.apache.logging.log4j:log4j-to-slf4j:2.17.2=compileClasspath,default,productionRuntimeClasspath,runtimeClasspath,testCompileClasspath,testRuntimeClasspath
org.apache.tomcat.embed:tomcat-embed-core:9.0.60=compileClasspath,default,productionRuntimeClasspath,runtimeClasspath,testCompileClasspath,testRuntimeClasspath
org.apache.tomcat.embed:tomcat-embed-el:9.0.60=compileClasspath,default,productionRuntimeClasspath,runtimeClasspath,testCompileClasspath,testRuntimeClasspath
org.apache.tomcat.embed:tomcat-embed-websocket:9.0.60=compileClasspath,default,productionRuntimeClasspath,runtimeClasspath,testCompileClasspath,testRuntimeClasspath
org.apiguardian:apiguardian-api:1.1.2=testCompileClasspath
org.aspectj:aspectjweaver:1.9.7=compileClasspath,default,productionRuntimeClasspath,runtimeClasspath,testCompileClasspath,testRuntimeClasspath
org.assertj:assertj-core:3.21.0=testCompileClasspath,testRuntimeClasspath
org.bouncycastle:bcpkix-jdk15on:1.68=compileClasspath,default,productionRuntimeClasspath,runtimeClasspath,testCompileClasspath,testRuntimeClasspath
org.bouncycastle:bcprov-jdk15on:1.68=compileClasspath,default,productionRuntimeClasspath,runtimeClasspath,testCompileClasspath,testRuntimeClasspath
org.hamcrest:hamcrest:2.2=testCompileClasspath,testRuntimeClasspath
org.hdrhistogram:HdrHistogram:2.1.12=compileClasspath,default,productionRuntimeClasspath,runtimeClasspath,testCompileClasspath,testRuntimeClasspath
org.jetbrains.kotlin:kotlin-stdlib-common:1.6.10=compileClasspath,default,productionRuntimeClasspath,runtimeClasspath,testCompileClasspath,testRuntimeClasspath
org.jetbrains.kotlin:kotlin-stdlib:1.6.10=compileClasspath,default,productionRuntimeClasspath,runtimeClasspath,testCompileClasspath,testRuntimeClasspath
org.jetbrains:annotations:13.0=compileClasspath,default,productionRuntimeClasspath,runtimeClasspath,testCompileClasspath,testRuntimeClasspath
org.junit.jupiter:junit-jupiter-api:5.8.2=testCompileClasspath,testRuntimeClasspath
org.junit.jupiter:junit-jupiter-engine:5.8.2=testRuntimeClasspath
org.junit.jupiter:junit-jupiter-params:5.8.2=testCompileClasspath,testRuntimeClasspath
org.junit.jupiter:junit-jupiter:5.8.2=testCompileClasspath,testRuntimeClasspath
org.junit.platform:junit-platform-commons:1.8.2=testCompileClasspath,testRuntimeClasspath
org.junit.platform:junit-platform-engine:1.8.2=testRuntimeClasspath
org.junit:junit-bom:5.8.2=testCompileClasspath,testRuntimeClasspath
org.latencyutils:LatencyUtils:2.0.3=default,productionRuntimeClasspath,runtimeClasspath,testRuntimeClasspath
org.mockito:mockito-core:4.0.0=testCompileClasspath,testRuntimeClasspath
org.mockito:mockito-junit-jupiter:4.0.0=testCompileClasspath,testRuntimeClasspath
org.objenesis:objenesis:3.2=testRuntimeClasspath
org.opentest4j:opentest4j:1.2.0=testCompileClasspath,testRuntimeClasspath
org.ow2.asm:asm:9.1=compileClasspath,default,productionRuntimeClasspath,runtimeClasspath,testCompileClasspath,testRuntimeClasspath
org.projectlombok:lombok:1.18.22=annotationProcessor,compileClasspath
org.reactivestreams:reactive-streams:1.0.3=compileClasspath,default,productionRuntimeClasspath,runtimeClasspath,testCompileClasspath,testRuntimeClasspath
org.skyscreamer:jsonassert:1.5.0=testCompileClasspath,testRuntimeClasspath
org.slf4j:jul-to-slf4j:1.7.36=compileClasspath,default,productionRuntimeClasspath,runtimeClasspath,testCompileClasspath,testRuntimeClasspath
org.slf4j:slf4j-api:1.7.36=compileClasspath,default,productionRuntimeClasspath,runtimeClasspath,testCompileClasspath,testRuntimeClasspath
org.springdoc:springdoc-openapi-common:1.6.7=compileClasspath,default,productionRuntimeClasspath,runtimeClasspath,testCompileClasspath,testRuntimeClasspath
org.springdoc:springdoc-openapi-hateoas:1.6.7=compileClasspath,default,productionRuntimeClasspath,runtimeClasspath,testCompileClasspath,testRuntimeClasspath
org.springdoc:springdoc-openapi-ui:1.6.7=compileClasspath,default,productionRuntimeClasspath,runtimeClasspath,testCompileClasspath,testRuntimeClasspath
org.springdoc:springdoc-openapi-webmvc-core:1.6.7=compileClasspath,default,productionRuntimeClasspath,runtimeClasspath,testCompileClasspath,testRuntimeClasspath
org.springframework.boot:spring-boot-actuator-autoconfigure:2.6.6=compileClasspath,default,productionRuntimeClasspath,runtimeClasspath,testCompileClasspath,testRuntimeClasspath
org.springframework.boot:spring-boot-actuator:2.6.6=compileClasspath,default,productionRuntimeClasspath,runtimeClasspath,testCompileClasspath,testRuntimeClasspath
org.springframework.boot:spring-boot-autoconfigure:2.6.6=compileClasspath,default,productionRuntimeClasspath,runtimeClasspath,testCompileClasspath,testRuntimeClasspath
org.springframework.boot:spring-boot-dependencies:2.6.6=annotationProcessor,compileClasspath,default,productionRuntimeClasspath,runtimeClasspath,testCompileClasspath,testRuntimeClasspath
org.springframework.boot:spring-boot-starter-actuator:2.6.6=compileClasspath,default,productionRuntimeClasspath,runtimeClasspath,testCompileClasspath,testRuntimeClasspath
org.springframework.boot:spring-boot-starter-aop:2.6.6=compileClasspath,default,productionRuntimeClasspath,runtimeClasspath,testCompileClasspath,testRuntimeClasspath
org.springframework.boot:spring-boot-starter-hateoas:2.6.6=compileClasspath,default,productionRuntimeClasspath,runtimeClasspath,testCompileClasspath,testRuntimeClasspath
org.springframework.boot:spring-boot-starter-json:2.6.6=compileClasspath,default,productionRuntimeClasspath,runtimeClasspath,testCompileClasspath,testRuntimeClasspath
org.springframework.boot:spring-boot-starter-logging:2.6.6=compileClasspath,default,productionRuntimeClasspath,runtimeClasspath,testCompileClasspath,testRuntimeClasspath
org.springframework.boot:spring-boot-starter-test:2.6.6=testCompileClasspath,testRuntimeClasspath
org.springframework.boot:spring-boot-starter-tomcat:2.6.6=compileClasspath,default,productionRuntimeClasspath,runtimeClasspath,testCompileClasspath,testRuntimeClasspath
org.springframework.boot:spring-boot-starter-web:2.6.6=compileClasspath,default,productionRuntimeClasspath,runtimeClasspath,testCompileClasspath,testRuntimeClasspath
org.springframework.boot:spring-boot-starter:2.6.6=compileClasspath,default,productionRuntimeClasspath,runtimeClasspath,testCompileClasspath,testRuntimeClasspath
org.springframework.boot:spring-boot-test-autoconfigure:2.6.6=testCompileClasspath,testRuntimeClasspath
org.springframework.boot:spring-boot-test:2.6.6=testCompileClasspath,testRuntimeClasspath
org.springframework.boot:spring-boot:2.6.6=compileClasspath,default,productionRuntimeClasspath,runtimeClasspath,testCompileClasspath,testRuntimeClasspath
org.springframework.cloud:spring-cloud-commons:3.1.1=compileClasspath,default,productionRuntimeClasspath,runtimeClasspath,testCompileClasspath,testRuntimeClasspath
org.springframework.cloud:spring-cloud-context:3.1.1=compileClasspath,default,productionRuntimeClasspath,runtimeClasspath,testCompileClasspath,testRuntimeClasspath
org.springframework.cloud:spring-cloud-dependencies:2021.0.1=annotationProcessor,compileClasspath,default,productionRuntimeClasspath,runtimeClasspath,testCompileClasspath,testRuntimeClasspath
org.springframework.cloud:spring-cloud-openfeign-core:3.1.1=compileClasspath,default,productionRuntimeClasspath,runtimeClasspath,testCompileClasspath,testRuntimeClasspath
org.springframework.cloud:spring-cloud-starter-openfeign:3.1.1=compileClasspath,default,productionRuntimeClasspath,runtimeClasspath,testCompileClasspath,testRuntimeClasspath
org.springframework.cloud:spring-cloud-starter:3.1.1=compileClasspath,default,productionRuntimeClasspath,runtimeClasspath,testCompileClasspath,testRuntimeClasspath
org.springframework.data:spring-data-commons:2.6.3=compileClasspath,default,productionRuntimeClasspath,runtimeClasspath,testCompileClasspath,testRuntimeClasspath
org.springframework.hateoas:spring-hateoas:1.4.1=compileClasspath,default,productionRuntimeClasspath,runtimeClasspath,testCompileClasspath,testRuntimeClasspath
org.springframework.plugin:spring-plugin-core:2.0.0.RELEASE=compileClasspath,default,productionRuntimeClasspath,runtimeClasspath,testCompileClasspath,testRuntimeClasspath
org.springframework.security:spring-security-crypto:5.6.2=compileClasspath,default,productionRuntimeClasspath,runtimeClasspath,testCompileClasspath,testRuntimeClasspath
org.springframework.security:spring-security-rsa:1.0.10.RELEASE=compileClasspath,default,productionRuntimeClasspath,runtimeClasspath,testCompileClasspath,testRuntimeClasspath
org.springframework:spring-aop:5.3.18=compileClasspath,default,productionRuntimeClasspath,runtimeClasspath,testCompileClasspath,testRuntimeClasspath
org.springframework:spring-beans:5.3.18=compileClasspath,default,productionRuntimeClasspath,runtimeClasspath,testCompileClasspath,testRuntimeClasspath
org.springframework:spring-context:5.3.18=compileClasspath,default,productionRuntimeClasspath,runtimeClasspath,testCompileClasspath,testRuntimeClasspath
org.springframework:spring-core:5.3.18=compileClasspath,default,productionRuntimeClasspath,runtimeClasspath,testCompileClasspath,testRuntimeClasspath
org.springframework:spring-expression:5.3.18=compileClasspath,default,productionRuntimeClasspath,runtimeClasspath,testCompileClasspath,testRuntimeClasspath
org.springframework:spring-jcl:5.3.18=compileClasspath,default,productionRuntimeClasspath,runtimeClasspath,testCompileClasspath,testRuntimeClasspath
org.springframework:spring-test:5.3.18=testCompileClasspath,testRuntimeClasspath
org.springframework:spring-web:5.3.18=compileClasspath,default,productionRuntimeClasspath,runtimeClasspath,testCompileClasspath,testRuntimeClasspath
org.springframework:spring-webmvc:5.3.18=compileClasspath,default,productionRuntimeClasspath,runtimeClasspath,testCompileClasspath,testRuntimeClasspath
org.webjars:swagger-ui:4.10.3=compileClasspath,default,productionRuntimeClasspath,runtimeClasspath,testCompileClasspath,testRuntimeClasspath
org.webjars:webjars-locator-core:0.50=compileClasspath,default,productionRuntimeClasspath,runtimeClasspath,testCompileClasspath,testRuntimeClasspath
org.xmlunit:xmlunit-core:2.8.4=testCompileClasspath,testRuntimeClasspath
org.yaml:snakeyaml:1.30=compileClasspath,default,productionRuntimeClasspath,runtimeClasspath,testCompileClasspath,testRuntimeClasspath
empty=archives,developmentOnly,testAnnotationProcessor
